PODS:
  - HMHClassKitHelper (0.1.0)

DEPENDENCIES:
  - HMHClassKitHelper (from `../`)

EXTERNAL SOURCES:
  HMHClassKitHelper:
    :path: "../"

SPEC CHECKSUMS:
  HMHClassKitHelper: c2ecc335f3de1ec27018495fea0287e7913b9c8b

PODFILE CHECKSUM: de7323bb24d0cb56c301613be946cdfac4355ec0

COCOAPODS: 1.6.1
